
Microsoft Visual Studio Solution File, Format Version 12.00
# Visual Studio Version 16
VisualStudioVersion = 16.0.30204.135
MinimumVisualStudioVersion = 10.0.40219.1
Project("{FAE04EC0-301F-11D3-BF4B-00C04F79EFBC}") = "Agenda-OS", "Agenda-OS.csproj", "{9C7DFB59-6995-4D6F-9F2E-6F17C08A5756}"
EndProject
Global
	GlobalSection(SolutionConfigurationPlatforms) = preSolution
		Debug|Any CPU = Debug|Any CPU
		Release|Any CPU = Release|Any CPU
	EndGlobalSection
	GlobalSection(ProjectConfigurationPlatforms) = postSolution
		{9C7DFB59-6995-4D6F-9F2E-6F17C08A5756}.Debug|Any CPU.ActiveCfg = Debug|Any CPU
		{9C7DFB59-6995-4D6F-9F2E-6F17C08A5756}.Debug|Any CPU.Build.0 = Debug|Any CPU
		{9C7DFB59-6995-4D6F-9F2E-6F17C08A5756}.Release|Any CPU.ActiveCfg = Release|Any CPU
		{9C7DFB59-6995-4D6F-9F2E-6F17C08A5756}.Release|Any CPU.Build.0 = Release|Any CPU
	EndGlobalSection
	GlobalSection(SolutionProperties) = preSolution
		HideSolutionNode = FALSE
	EndGlobalSection
	GlobalSection(ExtensibilityGlobals) = postSolution
		SolutionGuid = {A6B3F2F6-0F20-4B47-AF31-A377E8DA1E81}
	EndGlobalSection
EndGlobal
